// !$*UTF8*$!
{
	archiveVersion = 1;
	classes = {
	};
	objectVersion = 50;
	objects = {

/* Begin PBXBuildFile section */
		4212318421AA46AE005AF950 /* NearestTableViewController.swift in Sources */ = {isa = PBXBuildFile; fileRef = 4212318321AA46AE005AF950 /* NearestTableViewController.swift */; };
		4212318621AA46DB005AF950 /* StationsTableViewController.swift in Sources */ = {isa = PBXBuildFile; fileRef = 4212318521AA46DB005AF950 /* StationsTableViewController.swift */; };
		4212318821AA46F7005AF950 /* FavoritesTableViewController.swift in Sources */ = {isa = PBXBuildFile; fileRef = 4212318721AA46F7005AF950 /* FavoritesTableViewController.swift */; };
		42AC473121AB6D370030FD29 /* PersistenceManager.swift in Sources */ = {isa = PBXBuildFile; fileRef = 42AC473021AB6D370030FD29 /* PersistenceManager.swift */; };
		42AC473321AB6D4D0030FD29 /* WMATAAPIManager.swift in Sources */ = {isa = PBXBuildFile; fileRef = 42AC473221AB6D4D0030FD29 /* WMATAAPIManager.swift */; };
		42AC473521AB6D6D0030FD29 /* YelpAPIManager.swift in Sources */ = {isa = PBXBuildFile; fileRef = 42AC473421AB6D6D0030FD29 /* YelpAPIManager.swift */; };
		42AC473721AB6D920030FD29 /* WMATAResponse.swift in Sources */ = {isa = PBXBuildFile; fileRef = 42AC473621AB6D920030FD29 /* WMATAResponse.swift */; };
		42AC473921AB6DAC0030FD29 /* YelpResponse.swift in Sources */ = {isa = PBXBuildFile; fileRef = 42AC473821AB6DAC0030FD29 /* YelpResponse.swift */; };
		42AD7D15219E438D00EB72CE /* AppDelegate.swift in Sources */ = {isa = PBXBuildFile; fileRef = 42AD7D14219E438D00EB72CE /* AppDelegate.swift */; };
		42AD7D17219E438D00EB72CE /* ViewController.swift in Sources */ = {isa = PBXBuildFile; fileRef = 42AD7D16219E438D00EB72CE /* ViewController.swift */; };
		42AD7D1A219E438D00EB72CE /* Main.storyboard in Resources */ = {isa = PBXBuildFile; fileRef = 42AD7D18219E438D00EB72CE /* Main.storyboard */; };
		42AD7D1C219E438E00EB72CE /* Assets.xcassets in Resources */ = {isa = PBXBuildFile; fileRef = 42AD7D1B219E438E00EB72CE /* Assets.xcassets */; };
		42AD7D1F219E438E00EB72CE /* LaunchScreen.storyboard in Resources */ = {isa = PBXBuildFile; fileRef = 42AD7D1D219E438E00EB72CE /* LaunchScreen.storyboard */; };
/* End PBXBuildFile section */

/* Begin PBXFileReference section */
		4212318321AA46AE005AF950 /* NearestTableViewController.swift */ = {isa = PBXFileReference; lastKnownFileType = sourcecode.swift; path = NearestTableViewController.swift; sourceTree = "<group>"; };
		4212318521AA46DB005AF950 /* StationsTableViewController.swift */ = {isa = PBXFileReference; lastKnownFileType = sourcecode.swift; path = StationsTableViewController.swift; sourceTree = "<group>"; };
		4212318721AA46F7005AF950 /* FavoritesTableViewController.swift */ = {isa = PBXFileReference; lastKnownFileType = sourcecode.swift; path = FavoritesTableViewController.swift; sourceTree = "<group>"; };
		42AC473021AB6D370030FD29 /* PersistenceManager.swift */ = {isa = PBXFileReference; lastKnownFileType = sourcecode.swift; path = PersistenceManager.swift; sourceTree = "<group>"; };
		42AC473221AB6D4D0030FD29 /* WMATAAPIManager.swift */ = {isa = PBXFileReference; lastKnownFileType = sourcecode.swift; path = WMATAAPIManager.swift; sourceTree = "<group>"; };
		42AC473421AB6D6D0030FD29 /* YelpAPIManager.swift */ = {isa = PBXFileReference; lastKnownFileType = sourcecode.swift; path = YelpAPIManager.swift; sourceTree = "<group>"; };
		42AC473621AB6D920030FD29 /* WMATAResponse.swift */ = {isa = PBXFileReference; lastKnownFileType = sourcecode.swift; path = WMATAResponse.swift; sourceTree = "<group>"; };
		42AC473821AB6DAC0030FD29 /* YelpResponse.swift */ = {isa = PBXFileReference; lastKnownFileType = sourcecode.swift; path = YelpResponse.swift; sourceTree = "<group>"; };
		42AD7D11219E438D00EB72CE /* MetroExplorerApp.app */ = {isa = PBXFileReference; explicitFileType = wrapper.application; includeInIndex = 0; path = MetroExplorerApp.app; sourceTree = BUILT_PRODUCTS_DIR; };
		42AD7D14219E438D00EB72CE /* AppDelegate.swift */ = {isa = PBXFileReference; lastKnownFileType = sourcecode.swift; path = AppDelegate.swift; sourceTree = "<group>"; };
		42AD7D16219E438D00EB72CE /* ViewController.swift */ = {isa = PBXFileReference; lastKnownFileType = sourcecode.swift; path = ViewController.swift; sourceTree = "<group>"; };
		42AD7D19219E438D00EB72CE /* Base */ = {isa = PBXFileReference; lastKnownFileType = file.storyboard; name = Base; path = Base.lproj/Main.storyboard; sourceTree = "<group>"; };
		42AD7D1B219E438E00EB72CE /* Assets.xcassets */ = {isa = PBXFileReference; lastKnownFileType = folder.assetcatalog; path = Assets.xcassets; sourceTree = "<group>"; };
		42AD7D1E219E438E00EB72CE /* Base */ = {isa = PBXFileReference; lastKnownFileType = file.storyboard; name = Base; path = Base.lproj/LaunchScreen.storyboard; sourceTree = "<group>"; };
		42AD7D20219E438E00EB72CE /* Info.plist */ = {isa = PBXFileReference; lastKnownFileType = text.plist.xml; path = Info.plist; sourceTree = "<group>"; };
/* End PBXFileReference section */

/* Begin PBXFrameworksBuildPhase section */
		42AD7D0E219E438D00EB72CE /* Frameworks */ = {
			isa = PBXFrameworksBuildPhase;
			buildActionMask = 2147483647;
			files = (
			);
			runOnlyForDeploymentPostprocessing = 0;
		};
/* End PBXFrameworksBuildPhase section */

/* Begin PBXGroup section */
		4212318221AA466D005AF950 /* view controller */ = {
			isa = PBXGroup;
			children = (
				42AD7D16219E438D00EB72CE /* ViewController.swift */,
				4212318321AA46AE005AF950 /* NearestTableViewController.swift */,
				4212318521AA46DB005AF950 /* StationsTableViewController.swift */,
				4212318721AA46F7005AF950 /* FavoritesTableViewController.swift */,
			);
			path = "view controller";
			sourceTree = "<group>";
		};
		42AC472E21AB6CFB0030FD29 /* manager */ = {
			isa = PBXGroup;
			children = (
				42AC473021AB6D370030FD29 /* PersistenceManager.swift */,
				42AC473221AB6D4D0030FD29 /* WMATAAPIManager.swift */,
				42AC473421AB6D6D0030FD29 /* YelpAPIManager.swift */,
			);
			path = manager;
			sourceTree = "<group>";
		};
		42AC472F21AB6D0D0030FD29 /* models */ = {
			isa = PBXGroup;
			children = (
				42AC473621AB6D920030FD29 /* WMATAResponse.swift */,
				42AC473821AB6DAC0030FD29 /* YelpResponse.swift */,
			);
			path = models;
			sourceTree = "<group>";
		};
		42AD7D08219E438D00EB72CE = {
			isa = PBXGroup;
			children = (
				42AD7D13219E438D00EB72CE /* MetroExplorerApp */,
				42AD7D12219E438D00EB72CE /* Products */,
			);
			sourceTree = "<group>";
		};
		42AD7D12219E438D00EB72CE /* Products */ = {
			isa = PBXGroup;
			children = (
				42AD7D11219E438D00EB72CE /* MetroExplorerApp.app */,
			);
			name = Products;
			sourceTree = "<group>";
		};
		42AD7D13219E438D00EB72CE /* MetroExplorerApp */ = {
			isa = PBXGroup;
			children = (
				42AC472F21AB6D0D0030FD29 /* models */,
				42AC472E21AB6CFB0030FD29 /* manager */,
				4212318221AA466D005AF950 /* view controller */,
				42AD7D14219E438D00EB72CE /* AppDelegate.swift */,
				42AD7D18219E438D00EB72CE /* Main.storyboard */,
				42AD7D1B219E438E00EB72CE /* Assets.xcassets */,
				42AD7D1D219E438E00EB72CE /* LaunchScreen.storyboard */,
				42AD7D20219E438E00EB72CE /* Info.plist */,
			);
			path = MetroExplorerApp;
			sourceTree = "<group>";
		};
/* End PBXGroup section */

/* Begin PBXNativeTarget section */
		42AD7D10219E438D00EB72CE /* MetroExplorerApp */ = {
			isa = PBXNativeTarget;
			buildConfigurationList = 42AD7D23219E438E00EB72CE /* Build configuration list for PBXNativeTarget "MetroExplorerApp" */;
			buildPhases = (
				42AD7D0D219E438D00EB72CE /* Sources */,
				42AD7D0E219E438D00EB72CE /* Frameworks */,
				42AD7D0F219E438D00EB72CE /* Resources */,
			);
			buildRules = (
			);
			dependencies = (
			);
			name = MetroExplorerApp;
			productName = MetroExplorerApp;
			productReference = 42AD7D11219E438D00EB72CE /* MetroExplorerApp.app */;
			productType = "com.apple.product-type.application";
		};
/* End PBXNativeTarget section */

/* Begin PBXProject section */
		42AD7D09219E438D00EB72CE /* Project object */ = {
			isa = PBXProject;
			attributes = {
				LastSwiftUpdateCheck = 1010;
				LastUpgradeCheck = 1010;
				ORGANIZATIONNAME = Joshua;
				TargetAttributes = {
					42AD7D10219E438D00EB72CE = {
						CreatedOnToolsVersion = 10.1;
					};
				};
			};
			buildConfigurationList = 42AD7D0C219E438D00EB72CE /* Build configuration list for PBXProject "MetroExplorerApp" */;
			compatibilityVersion = "Xcode 9.3";
			developmentRegion = en;
			hasScannedForEncodings = 0;
			knownRegions = (
				en,
				Base,
			);
			mainGroup = 42AD7D08219E438D00EB72CE;
			productRefGroup = 42AD7D12219E438D00EB72CE /* Products */;
			projectDirPath = "";
			projectRoot = "";
			targets = (
				42AD7D10219E438D00EB72CE /* MetroExplorerApp */,
			);
		};
/* End PBXProject section */

/* Begin PBXResourcesBuildPhase section */
		42AD7D0F219E438D00EB72CE /* Resources */ = {
			isa = PBXResourcesBuildPhase;
			buildActionMask = 2147483647;
			files = (
				42AD7D1F219E438E00EB72CE /* LaunchScreen.storyboard in Resources */,
				42AD7D1C219E438E00EB72CE /* Assets.xcassets in Resources */,
				42AD7D1A219E438D00EB72CE /* Main.storyboard in Resources */,
			);
			runOnlyForDeploymentPostprocessing = 0;
		};
/* End PBXResourcesBuildPhase section */

/* Begin PBXSourcesBuildPhase section */
		42AD7D0D219E438D00EB72CE /* Sources */ = {
			isa = PBXSourcesBuildPhase;
			buildActionMask = 2147483647;
			files = (
				42AC473921AB6DAC0030FD29 /* YelpResponse.swift in Sources */,
				42AC473321AB6D4D0030FD29 /* WMATAAPIManager.swift in Sources */,
				4212318621AA46DB005AF950 /* StationsTableViewController.swift in Sources */,
				4212318421AA46AE005AF950 /* NearestTableViewController.swift in Sources */,
				42AD7D17219E438D00EB72CE /* ViewController.swift in Sources */,
				42AC473121AB6D370030FD29 /* PersistenceManager.swift in Sources */,
				4212318821AA46F7005AF950 /* FavoritesTableViewController.swift in Sources */,
				42AC473521AB6D6D0030FD29 /* YelpAPIManager.swift in Sources */,
				42AD7D15219E438D00EB72CE /* AppDelegate.swift in Sources */,
				42AC473721AB6D920030FD29 /* WMATAResponse.swift in Sources */,
			);
			runOnlyForDeploymentPostprocessing = 0;
		};
/* End PBXSourcesBuildPhase section */

/* Begin PBXVariantGroup section */
		42AD7D18219E438D00EB72CE /* Main.storyboard */ = {
			isa = PBXVariantGroup;
			children = (
				42AD7D19219E438D00EB72CE /* Base */,
			);
			name = Main.storyboard;
			sourceTree = "<group>";
		};
		42AD7D1D219E438E00EB72CE /* LaunchScreen.storyboard */ = {
			isa = PBXVariantGroup;
			children = (
				42AD7D1E219E438E00EB72CE /* Base */,
			);
			name = LaunchScreen.storyboard;
			sourceTree = "<group>";
		};
/* End PBXVariantGroup section */

/* Begin XCBuildConfiguration section */
		42AD7D21219E438E00EB72CE /* Debug */ = {
			isa = XCBuildConfiguration;
			buildSettings = {
				ALWAYS_SEARCH_USER_PATHS = NO;
				CLANG_ANALYZER_NONNULL = YES;
				CLANG_ANALYZER_NUMBER_OBJECT_CONVERSION = YES_AGGRESSIVE;
				CLANG_CXX_LANGUAGE_STANDARD = "gnu++14";
				CLANG_CXX_LIBRARY = "libc++";
				CLANG_ENABLE_MODULES = YES;
				CLANG_ENABLE_OBJC_ARC = YES;
				CLANG_ENABLE_OBJC_WEAK = YES;
				CLANG_WARN_BLOCK_CAPTURE_AUTORELEASING = YES;
				CLANG_WARN_BOOL_CONVERSION = YES;
				CLANG_WARN_COMMA = YES;
				CLANG_WARN_CONSTANT_CONVERSION = YES;
				CLANG_WARN_DEPRECATED_OBJC_IMPLEMENTATIONS = YES;
				CLANG_WARN_DIRECT_OBJC_ISA_USAGE = YES_ERROR;
				CLANG_WARN_DOCUMENTATION_COMMENTS = YES;
				CLANG_WARN_EMPTY_BODY = YES;
				CLANG_WARN_ENUM_CONVERSION = YES;
				CLANG_WARN_INFINITE_RECURSION = YES;
				CLANG_WARN_INT_CONVERSION = YES;
				CLANG_WARN_NON_LITERAL_NULL_CONVERSION = YES;
				CLANG_WARN_OBJC_IMPLICIT_RETAIN_SELF = YES;
				CLANG_WARN_OBJC_LITERAL_CONVERSION = YES;
				CLANG_WARN_OBJC_ROOT_CLASS = YES_ERROR;
				CLANG_WARN_RANGE_LOOP_ANALYSIS = YES;
				CLANG_WARN_STRICT_PROTOTYPES = YES;
				CLANG_WARN_SUSPICIOUS_MOVE = YES;
				CLANG_WARN_UNGUARDED_AVAILABILITY = YES_AGGRESSIVE;
				CLANG_WARN_UNREACHABLE_CODE = YES;
				CLANG_WARN__DUPLICATE_METHOD_MATCH = YES;
				CODE_SIGN_IDENTITY = "iPhone Developer";
				COPY_PHASE_STRIP = NO;
				DEBUG_INFORMATION_FORMAT = dwarf;
				ENABLE_STRICT_OBJC_MSGSEND = YES;
				ENABLE_TESTABILITY = YES;
				GCC_C_LANGUAGE_STANDARD = gnu11;
				GCC_DYNAMIC_NO_PIC = NO;
				GCC_NO_COMMON_BLOCKS = YES;
				GCC_OPTIMIZATION_LEVEL = 0;
				GCC_PREPROCESSOR_DEFINITIONS = (
					"DEBUG=1",
					"$(inherited)",
				);
				GCC_WARN_64_TO_32_BIT_CONVERSION = YES;
				GCC_WARN_ABOUT_RETURN_TYPE = YES_ERROR;
				GCC_WARN_UNDECLARED_SELECTOR = YES;
				GCC_WARN_UNINITIALIZED_AUTOS = YES_AGGRESSIVE;
				GCC_WARN_UNUSED_FUNCTION = YES;
				GCC_WARN_UNUSED_VARIABLE = YES;
				IPHONEOS_DEPLOYMENT_TARGET = 12.1;
				MTL_ENABLE_DEBUG_INFO = INCLUDE_SOURCE;
				MTL_FAST_MATH = YES;
				ONLY_ACTIVE_ARCH = YES;
				SDKROOT = iphoneos;
				SWIFT_ACTIVE_COMPILATION_CONDITIONS = DEBUG;
				SWIFT_OPTIMIZATION_LEVEL = "-Onone";
			};
			name = Debug;
		};
		42AD7D22219E438E00EB72CE /* Release */ = {
			isa = XCBuildConfiguration;
			buildSettings = {
				ALWAYS_SEARCH_USER_PATHS = NO;
				CLANG_ANALYZER_NONNULL = YES;
				CLANG_ANALYZER_NUMBER_OBJECT_CONVERSION = YES_AGGRESSIVE;
				CLANG_CXX_LANGUAGE_STANDARD = "gnu++14";
				CLANG_CXX_LIBRARY = "libc++";
				CLANG_ENABLE_MODULES = YES;
				CLANG_ENABLE_OBJC_ARC = YES;
				CLANG_ENABLE_OBJC_WEAK = YES;
				CLANG_WARN_BLOCK_CAPTURE_AUTORELEASING = YES;
				CLANG_WARN_BOOL_CONVERSION = YES;
				CLANG_WARN_COMMA = YES;
				CLANG_WARN_CONSTANT_CONVERSION = YES;
				CLANG_WARN_DEPRECATED_OBJC_IMPLEMENTATIONS = YES;
				CLANG_WARN_DIRECT_OBJC_ISA_USAGE = YES_ERROR;
				CLANG_WARN_DOCUMENTATION_COMMENTS = YES;
				CLANG_WARN_EMPTY_BODY = YES;
				CLANG_WARN_ENUM_CONVERSION = YES;
				CLANG_WARN_INFINITE_RECURSION = YES;
				CLANG_WARN_INT_CONVERSION = YES;
				CLANG_WARN_NON_LITERAL_NULL_CONVERSION = YES;
				CLANG_WARN_OBJC_IMPLICIT_RETAIN_SELF = YES;
				CLANG_WARN_OBJC_LITERAL_CONVERSION = YES;
				CLANG_WARN_OBJC_ROOT_CLASS = YES_ERROR;
				CLANG_WARN_RANGE_LOOP_ANALYSIS = YES;
				CLANG_WARN_STRICT_PROTOTYPES = YES;
				CLANG_WARN_SUSPICIOUS_MOVE = YES;
				CLANG_WARN_UNGUARDED_AVAILABILITY = YES_AGGRESSIVE;
				CLANG_WARN_UNREACHABLE_CODE = YES;
				CLANG_WARN__DUPLICATE_METHOD_MATCH = YES;
				CODE_SIGN_IDENTITY = "iPhone Developer";
				COPY_PHASE_STRIP = NO;
				DEBUG_INFORMATION_FORMAT = "dwarf-with-dsym";
				ENABLE_NS_ASSERTIONS = NO;
				ENABLE_STRICT_OBJC_MSGSEND = YES;
				GCC_C_LANGUAGE_STANDARD = gnu11;
				GCC_NO_COMMON_BLOCKS = YES;
				GCC_WARN_64_TO_32_BIT_CONVERSION = YES;
				GCC_WARN_ABOUT_RETURN_TYPE = YES_ERROR;
				GCC_WARN_UNDECLARED_SELECTOR = YES;
				GCC_WARN_UNINITIALIZED_AUTOS = YES_AGGRESSIVE;
				GCC_WARN_UNUSED_FUNCTION = YES;
				GCC_WARN_UNUSED_VARIABLE = YES;
				IPHONEOS_DEPLOYMENT_TARGET = 12.1;
				MTL_ENABLE_DEBUG_INFO = NO;
				MTL_FAST_MATH = YES;
				SDKROOT = iphoneos;
				SWIFT_COMPILATION_MODE = wholemodule;
				SWIFT_OPTIMIZATION_LEVEL = "-O";
				VALIDATE_PRODUCT = YES;
			};
			name = Release;
		};
		42AD7D24219E438E00EB72CE /* Debug */ = {
			isa = XCBuildConfiguration;
			buildSettings = {
				ASSETCATALOG_COMPILER_APPICON_NAME = AppIcon;
				CODE_SIGN_STYLE = Automatic;
				INFOPLIST_FILE = MetroExplorerApp/Info.plist;
				LD_RUNPATH_SEARCH_PATHS = (
					"$(inherited)",
					"@executable_path/Frameworks",
				);
				PRODUCT_BUNDLE_IDENTIFIER = edu.gwu.MetroExplorerApp;
				PRODUCT_NAME = "$(TARGET_NAME)";
				SWIFT_VERSION = 4.2;
				TARGETED_DEVICE_FAMILY = "1,2";
			};
			name = Debug;
		};
		42AD7D25219E438E00EB72CE /* Release */ = {
			isa = XCBuildConfiguration;
			buildSettings = {
				ASSETCATALOG_COMPILER_APPICON_NAME = AppIcon;
				CODE_SIGN_STYLE = Automatic;
				INFOPLIST_FILE = MetroExplorerApp/Info.plist;
				LD_RUNPATH_SEARCH_PATHS = (
					"$(inherited)",
					"@executable_path/Frameworks",
				);
				PRODUCT_BUNDLE_IDENTIFIER = edu.gwu.MetroExplorerApp;
				PRODUCT_NAME = "$(TARGET_NAME)";
				SWIFT_VERSION = 4.2;
				TARGETED_DEVICE_FAMILY = "1,2";
			};
			name = Release;
		};
/* End XCBuildConfiguration section */

/* Begin XCConfigurationList section */
		42AD7D0C219E438D00EB72CE /* Build configuration list for PBXProject "MetroExplorerApp" */ = {
			isa = XCConfigurationList;
			buildConfigurations = (
				42AD7D21219E438E00EB72CE /* Debug */,
				42AD7D22219E438E00EB72CE /* Release */,
			);
			defaultConfigurationIsVisible = 0;
			defaultConfigurationName = Release;
		};
		42AD7D23219E438E00EB72CE /* Build configuration list for PBXNativeTarget "MetroExplorerApp" */ = {
			isa = XCConfigurationList;
			buildConfigurations = (
				42AD7D24219E438E00EB72CE /* Debug */,
				42AD7D25219E438E00EB72CE /* Release */,
			);
			defaultConfigurationIsVisible = 0;
			defaultConfigurationName = Release;
		};
/* End XCConfigurationList section */
	};
	rootObject = 42AD7D09219E438D00EB72CE /* Project object */;
}
